
Microsoft Visual Studio Solution File, Format Version 12.00
# Visual Studio Version 17
VisualStudioVersion = 17.9.34728.123
MinimumVisualStudioVersion = 10.0.40219.1
Project("{FAE04EC0-301F-11D3-BF4B-00C04F79EFBC}") = "Data", "Data\Data.csproj", "{AEDFC962-AE1B-446D-A19C-ED29F1331A52}"
EndProject
Project("{FAE04EC0-301F-11D3-BF4B-00C04F79EFBC}") = "Business", "Business\Business.csproj", "{04132CAF-0526-42E8-A7EC-A0C2C92D7B0E}"
EndProject
Project("{FAE04EC0-301F-11D3-BF4B-00C04F79EFBC}") = "Entity", "Entity\Entity.csproj", "{08689276-ADE8-40DC-82B5-62CEF56A3107}"
EndProject
Global
	GlobalSection(SolutionConfigurationPlatforms) = preSolution
		Debug|Any CPU = Debug|Any CPU
		Release|Any CPU = Release|Any CPU
	EndGlobalSection
	GlobalSection(ProjectConfigurationPlatforms) = postSolution
		{AEDFC962-AE1B-446D-A19C-ED29F1331A52}.Debug|Any CPU.ActiveCfg = Debug|Any CPU
		{AEDFC962-AE1B-446D-A19C-ED29F1331A52}.Debug|Any CPU.Build.0 = Debug|Any CPU
		{AEDFC962-AE1B-446D-A19C-ED29F1331A52}.Release|Any CPU.ActiveCfg = Release|Any CPU
		{AEDFC962-AE1B-446D-A19C-ED29F1331A52}.Release|Any CPU.Build.0 = Release|Any CPU
		{04132CAF-0526-42E8-A7EC-A0C2C92D7B0E}.Debug|Any CPU.ActiveCfg = Debug|Any CPU
		{04132CAF-0526-42E8-A7EC-A0C2C92D7B0E}.Debug|Any CPU.Build.0 = Debug|Any CPU
		{04132CAF-0526-42E8-A7EC-A0C2C92D7B0E}.Release|Any CPU.ActiveCfg = Release|Any CPU
		{04132CAF-0526-42E8-A7EC-A0C2C92D7B0E}.Release|Any CPU.Build.0 = Release|Any CPU
		{08689276-ADE8-40DC-82B5-62CEF56A3107}.Debug|Any CPU.ActiveCfg = Debug|Any CPU
		{08689276-ADE8-40DC-82B5-62CEF56A3107}.Debug|Any CPU.Build.0 = Debug|Any CPU
		{08689276-ADE8-40DC-82B5-62CEF56A3107}.Release|Any CPU.ActiveCfg = Release|Any CPU
		{08689276-ADE8-40DC-82B5-62CEF56A3107}.Release|Any CPU.Build.0 = Release|Any CPU
	EndGlobalSection
	GlobalSection(SolutionProperties) = preSolution
		HideSolutionNode = FALSE
	EndGlobalSection
	GlobalSection(ExtensibilityGlobals) = postSolution
		SolutionGuid = {DAAE0765-D82E-4405-BD9F-B519F73CCBAC}
	EndGlobalSection
EndGlobal
